
Microsoft Visual Studio Solution File, Format Version 12.00
# Visual Studio 15
Project("{FAE04EC0-301F-11D3-BF4B-00C04F79EFBC}") = "ReadyPlayerMe.AvatarCreator", "ReadyPlayerMe.AvatarCreator.csproj", "{4F4A9F17-6128-FEA6-A6F3-0FFA7F7C8624}"
EndProject
Project("{FAE04EC0-301F-11D3-BF4B-00C04F79EFBC}") = "ReadyPlayerMe.Core.Editor", "ReadyPlayerMe.Core.Editor.csproj", "{713B1E99-A96E-4AFB-5518-8E92981B2888}"
EndProject
Project("{FAE04EC0-301F-11D3-BF4B-00C04F79EFBC}") = "ReadyPlayerMe.Samples.AvatarCreatorWizard", "ReadyPlayerMe.Samples.AvatarCreatorWizard.csproj", "{C9411CEE-01AF-B85C-3FFC-D4D814204CA2}"
EndProject
Project("{FAE04EC0-301F-11D3-BF4B-00C04F79EFBC}") = "ReadyPlayerMe.Core", "ReadyPlayerMe.Core.csproj", "{CE414F08-E906-59B1-81AE-B2744A8A9C0E}"
EndProject
Project("{FAE04EC0-301F-11D3-BF4B-00C04F79EFBC}") = "ReadyPlayerMe.Samples.AvatarLoading", "ReadyPlayerMe.Samples.AvatarLoading.csproj", "{A4D8AD52-BB68-376E-182B-2EC0FA414D16}"
EndProject
Project("{FAE04EC0-301F-11D3-BF4B-00C04F79EFBC}") = "Assembly-CSharp", "Assembly-CSharp.csproj", "{587D82B9-B065-7954-007B-6C492089FE57}"
EndProject
Project("{FAE04EC0-301F-11D3-BF4B-00C04F79EFBC}") = "ReadyPlayerMe.Samples.AvatarCreatorElements", "ReadyPlayerMe.Samples.AvatarCreatorElements.csproj", "{AE2E90CD-E7FB-3FDD-DE7F-5799BECB59EB}"
EndProject
Project("{FAE04EC0-301F-11D3-BF4B-00C04F79EFBC}") = "ReadyPlayerMe.Samples.WebGLSample", "ReadyPlayerMe.Samples.WebGLSample.csproj", "{A662626B-0559-1F5C-6094-D1356B64D779}"
EndProject
Project("{FAE04EC0-301F-11D3-BF4B-00C04F79EFBC}") = "ReadyPlayerMe.Samples.QuickStart", "ReadyPlayerMe.Samples.QuickStart.csproj", "{250BC519-E6C1-6346-A434-B41334452780}"
EndProject
Project("{FAE04EC0-301F-11D3-BF4B-00C04F79EFBC}") = "Assembly-CSharp-Editor", "Assembly-CSharp-Editor.csproj", "{D05FFF12-155E-ACE7-28D5-415B8796EF24}"
EndProject
Project("{FAE04EC0-301F-11D3-BF4B-00C04F79EFBC}") = "ReadyPlayerMe.Core.WebGLSample.Editor", "ReadyPlayerMe.Core.WebGLSample.Editor.csproj", "{737EC015-575E-FF9C-EB70-2617273193EA}"
EndProject
Project("{FAE04EC0-301F-11D3-BF4B-00C04F79EFBC}") = "ReadyPlayerMe.Samples.AvatarRenders", "ReadyPlayerMe.Samples.AvatarRenders.csproj", "{9918DEC7-58C3-5957-6739-A2C7BC5E9C13}"
EndProject
Project("{FAE04EC0-301F-11D3-BF4B-00C04F79EFBC}") = "ReadyPlayerMe.AvatarCreator.Editor", "ReadyPlayerMe.AvatarCreator.Editor.csproj", "{62F6A12F-D514-A3CF-B768-025209ED1A8F}"
EndProject
Global
	GlobalSection(SolutionConfigurationPlatforms) = preSolution
		Debug|Any CPU = Debug|Any CPU
		Release|Any CPU = Release|Any CPU
	EndGlobalSection
	GlobalSection(ProjectConfigurationPlatforms) = postSolution
		{4F4A9F17-6128-FEA6-A6F3-0FFA7F7C8624}.Debug|Any CPU.ActiveCfg = Debug|Any CPU
		{4F4A9F17-6128-FEA6-A6F3-0FFA7F7C8624}.Debug|Any CPU.Build.0 = Debug|Any CPU
		{4F4A9F17-6128-FEA6-A6F3-0FFA7F7C8624}.Release|Any CPU.ActiveCfg = Release|Any CPU
		{4F4A9F17-6128-FEA6-A6F3-0FFA7F7C8624}.Release|Any CPU.Build.0 = Release|Any CPU
		{713B1E99-A96E-4AFB-5518-8E92981B2888}.Debug|Any CPU.ActiveCfg = Debug|Any CPU
		{713B1E99-A96E-4AFB-5518-8E92981B2888}.Debug|Any CPU.Build.0 = Debug|Any CPU
		{713B1E99-A96E-4AFB-5518-8E92981B2888}.Release|Any CPU.ActiveCfg = Release|Any CPU
		{713B1E99-A96E-4AFB-5518-8E92981B2888}.Release|Any CPU.Build.0 = Release|Any CPU
		{C9411CEE-01AF-B85C-3FFC-D4D814204CA2}.Debug|Any CPU.ActiveCfg = Debug|Any CPU
		{C9411CEE-01AF-B85C-3FFC-D4D814204CA2}.Debug|Any CPU.Build.0 = Debug|Any CPU
		{C9411CEE-01AF-B85C-3FFC-D4D814204CA2}.Release|Any CPU.ActiveCfg = Release|Any CPU
		{C9411CEE-01AF-B85C-3FFC-D4D814204CA2}.Release|Any CPU.Build.0 = Release|Any CPU
		{CE414F08-E906-59B1-81AE-B2744A8A9C0E}.Debug|Any CPU.ActiveCfg = Debug|Any CPU
		{CE414F08-E906-59B1-81AE-B2744A8A9C0E}.Debug|Any CPU.Build.0 = Debug|Any CPU
		{CE414F08-E906-59B1-81AE-B2744A8A9C0E}.Release|Any CPU.ActiveCfg = Release|Any CPU
		{CE414F08-E906-59B1-81AE-B2744A8A9C0E}.Release|Any CPU.Build.0 = Release|Any CPU
		{A4D8AD52-BB68-376E-182B-2EC0FA414D16}.Debug|Any CPU.ActiveCfg = Debug|Any CPU
		{A4D8AD52-BB68-376E-182B-2EC0FA414D16}.Debug|Any CPU.Build.0 = Debug|Any CPU
		{A4D8AD52-BB68-376E-182B-2EC0FA414D16}.Release|Any CPU.ActiveCfg = Release|Any CPU
		{A4D8AD52-BB68-376E-182B-2EC0FA414D16}.Release|Any CPU.Build.0 = Release|Any CPU
		{587D82B9-B065-7954-007B-6C492089FE57}.Debug|Any CPU.ActiveCfg = Debug|Any CPU
		{587D82B9-B065-7954-007B-6C492089FE57}.Debug|Any CPU.Build.0 = Debug|Any CPU
		{587D82B9-B065-7954-007B-6C492089FE57}.Release|Any CPU.ActiveCfg = Release|Any CPU
		{587D82B9-B065-7954-007B-6C492089FE57}.Release|Any CPU.Build.0 = Release|Any CPU
		{AE2E90CD-E7FB-3FDD-DE7F-5799BECB59EB}.Debug|Any CPU.ActiveCfg = Debug|Any CPU
		{AE2E90CD-E7FB-3FDD-DE7F-5799BECB59EB}.Debug|Any CPU.Build.0 = Debug|Any CPU
		{AE2E90CD-E7FB-3FDD-DE7F-5799BECB59EB}.Release|Any CPU.ActiveCfg = Release|Any CPU
		{AE2E90CD-E7FB-3FDD-DE7F-5799BECB59EB}.Release|Any CPU.Build.0 = Release|Any CPU
		{A662626B-0559-1F5C-6094-D1356B64D779}.Debug|Any CPU.ActiveCfg = Debug|Any CPU
		{A662626B-0559-1F5C-6094-D1356B64D779}.Debug|Any CPU.Build.0 = Debug|Any CPU
		{A662626B-0559-1F5C-6094-D1356B64D779}.Release|Any CPU.ActiveCfg = Release|Any CPU
		{A662626B-0559-1F5C-6094-D1356B64D779}.Release|Any CPU.Build.0 = Release|Any CPU
		{250BC519-E6C1-6346-A434-B41334452780}.Debug|Any CPU.ActiveCfg = Debug|Any CPU
		{250BC519-E6C1-6346-A434-B41334452780}.Debug|Any CPU.Build.0 = Debug|Any CPU
		{250BC519-E6C1-6346-A434-B41334452780}.Release|Any CPU.ActiveCfg = Release|Any CPU
		{250BC519-E6C1-6346-A434-B41334452780}.Release|Any CPU.Build.0 = Release|Any CPU
		{D05FFF12-155E-ACE7-28D5-415B8796EF24}.Debug|Any CPU.ActiveCfg = Debug|Any CPU
		{D05FFF12-155E-ACE7-28D5-415B8796EF24}.Debug|Any CPU.Build.0 = Debug|Any CPU
		{D05FFF12-155E-ACE7-28D5-415B8796EF24}.Release|Any CPU.ActiveCfg = Release|Any CPU
		{D05FFF12-155E-ACE7-28D5-415B8796EF24}.Release|Any CPU.Build.0 = Release|Any CPU
		{737EC015-575E-FF9C-EB70-2617273193EA}.Debug|Any CPU.ActiveCfg = Debug|Any CPU
		{737EC015-575E-FF9C-EB70-2617273193EA}.Debug|Any CPU.Build.0 = Debug|Any CPU
		{737EC015-575E-FF9C-EB70-2617273193EA}.Release|Any CPU.ActiveCfg = Release|Any CPU
		{737EC015-575E-FF9C-EB70-2617273193EA}.Release|Any CPU.Build.0 = Release|Any CPU
		{9918DEC7-58C3-5957-6739-A2C7BC5E9C13}.Debug|Any CPU.ActiveCfg = Debug|Any CPU
		{9918DEC7-58C3-5957-6739-A2C7BC5E9C13}.Debug|Any CPU.Build.0 = Debug|Any CPU
		{9918DEC7-58C3-5957-6739-A2C7BC5E9C13}.Release|Any CPU.ActiveCfg = Release|Any CPU
		{9918DEC7-58C3-5957-6739-A2C7BC5E9C13}.Release|Any CPU.Build.0 = Release|Any CPU
		{62F6A12F-D514-A3CF-B768-025209ED1A8F}.Debug|Any CPU.ActiveCfg = Debug|Any CPU
		{62F6A12F-D514-A3CF-B768-025209ED1A8F}.Debug|Any CPU.Build.0 = Debug|Any CPU
		{62F6A12F-D514-A3CF-B768-025209ED1A8F}.Release|Any CPU.ActiveCfg = Release|Any CPU
		{62F6A12F-D514-A3CF-B768-025209ED1A8F}.Release|Any CPU.Build.0 = Release|Any CPU
	EndGlobalSection
	GlobalSection(SolutionProperties) = preSolution
		HideSolutionNode = FALSE
	EndGlobalSection
EndGlobal
